# This file is automatically @generated by Cargo.
# It is not intended for manual editing.
[[package]]
name = "common"
version = "0.1.0"
source = "git+https://github.com/innovolt/rust-common.git#167519054ac36ea4391556d5036138fa5aaf8bd8"

[[package]]
name = "linear-search"
version = "0.1.0"
dependencies = [
 "common",
]
